// !$*UTF8*$!
{
	archiveVersion = 1;
	classes = {
	};
	objectVersion = 50;
	objects = {

/* Begin PBXBuildFile section */
		73171BB122CC8AA70084CE4A /* CatalogDetailViewController.swift in Sources */ = {isa = PBXBuildFile; fileRef = 73171BB022CC8AA70084CE4A /* CatalogDetailViewController.swift */; };
		7317DCE522CD145D00F7BF2B /* CatalogListViewController+TableView.swift in Sources */ = {isa = PBXBuildFile; fileRef = 7317DCE422CD145D00F7BF2B /* CatalogListViewController+TableView.swift */; };
		734A8B1622CBAF8D00712EC4 /* AppDelegate.swift in Sources */ = {isa = PBXBuildFile; fileRef = 734A8B1522CBAF8D00712EC4 /* AppDelegate.swift */; };
		734A8B1D22CBAF8F00712EC4 /* Assets.xcassets in Resources */ = {isa = PBXBuildFile; fileRef = 734A8B1C22CBAF8F00712EC4 /* Assets.xcassets */; };
		734A8B2022CBAF8F00712EC4 /* LaunchScreen.storyboard in Resources */ = {isa = PBXBuildFile; fileRef = 734A8B1E22CBAF8F00712EC4 /* LaunchScreen.storyboard */; };
		734A8B2B22CBAF8F00712EC4 /* AssignmentPOCTests.swift in Sources */ = {isa = PBXBuildFile; fileRef = 734A8B2A22CBAF8F00712EC4 /* AssignmentPOCTests.swift */; };
		734A8B3622CBAF8F00712EC4 /* AssignmentPOCUITests.swift in Sources */ = {isa = PBXBuildFile; fileRef = 734A8B3522CBAF8F00712EC4 /* AssignmentPOCUITests.swift */; };
		73705BE722CBBF81009745EB /* CatalogListViewController.swift in Sources */ = {isa = PBXBuildFile; fileRef = 73705BE622CBBF81009745EB /* CatalogListViewController.swift */; };
		73705BEA22CBC0C9009745EB /* RequestAdapter.swift in Sources */ = {isa = PBXBuildFile; fileRef = 73705BE922CBC0C9009745EB /* RequestAdapter.swift */; };
		73705BEE22CBC1C4009745EB /* Constants.swift in Sources */ = {isa = PBXBuildFile; fileRef = 73705BED22CBC1C4009745EB /* Constants.swift */; };
		73705BF122CBC9D1009745EB /* Catalog.swift in Sources */ = {isa = PBXBuildFile; fileRef = 73705BF022CBC9D1009745EB /* Catalog.swift */; };
		73705BF622CBCBFD009745EB /* CatalogListTableViewCell.swift in Sources */ = {isa = PBXBuildFile; fileRef = 73705BF522CBCBFD009745EB /* CatalogListTableViewCell.swift */; };
		948283026014E61A3E36C65C /* Pods_AssignmentPOCUITests.framework in Frameworks */ = {isa = PBXBuildFile; fileRef = B7E9EC0597F8C98ECEA30251 /* Pods_AssignmentPOCUITests.framework */; };
		B40EC7755A18226FE640FD67 /* Pods_AssignmentPOC.framework in Frameworks */ = {isa = PBXBuildFile; fileRef = F60B8A0D2CF099238EE97E56 /* Pods_AssignmentPOC.framework */; };
		D528CF734AE02F467535622D /* Pods_AssignmentPOCTests.framework in Frameworks */ = {isa = PBXBuildFile; fileRef = 412CFF7B4D738DAB02FEA72C /* Pods_AssignmentPOCTests.framework */; };
/* End PBXBuildFile section */

/* Begin PBXContainerItemProxy section */
		734A8B2722CBAF8F00712EC4 /* PBXContainerItemProxy */ = {
			isa = PBXContainerItemProxy;
			containerPortal = 734A8B0A22CBAF8D00712EC4 /* Project object */;
			proxyType = 1;
			remoteGlobalIDString = 734A8B1122CBAF8D00712EC4;
			remoteInfo = AssignmentPOC;
		};
		734A8B3222CBAF8F00712EC4 /* PBXContainerItemProxy */ = {
			isa = PBXContainerItemProxy;
			containerPortal = 734A8B0A22CBAF8D00712EC4 /* Project object */;
			proxyType = 1;
			remoteGlobalIDString = 734A8B1122CBAF8D00712EC4;
			remoteInfo = AssignmentPOC;
		};
/* End PBXContainerItemProxy section */

/* Begin PBXFileReference section */
		113E00831B1C16D51C1591BD /* Pods-AssignmentPOCUITests.release.xcconfig */ = {isa = PBXFileReference; includeInIndex = 1; lastKnownFileType = text.xcconfig; name = "Pods-AssignmentPOCUITests.release.xcconfig"; path = "Target Support Files/Pods-AssignmentPOCUITests/Pods-AssignmentPOCUITests.release.xcconfig"; sourceTree = "<group>"; };
		224A432237AD11C036610996 /* Pods-AssignmentPOC.release.xcconfig */ = {isa = PBXFileReference; includeInIndex = 1; lastKnownFileType = text.xcconfig; name = "Pods-AssignmentPOC.release.xcconfig"; path = "Target Support Files/Pods-AssignmentPOC/Pods-AssignmentPOC.release.xcconfig"; sourceTree = "<group>"; };
		2748F5450EB83CE24A9FBC10 /* Pods-AssignmentPOC.debug.xcconfig */ = {isa = PBXFileReference; includeInIndex = 1; lastKnownFileType = text.xcconfig; name = "Pods-AssignmentPOC.debug.xcconfig"; path = "Target Support Files/Pods-AssignmentPOC/Pods-AssignmentPOC.debug.xcconfig"; sourceTree = "<group>"; };
		412CFF7B4D738DAB02FEA72C /* Pods_AssignmentPOCTests.framework */ = {isa = PBXFileReference; explicitFileType = wrapper.framework; includeInIndex = 0; path = Pods_AssignmentPOCTests.framework; sourceTree = BUILT_PRODUCTS_DIR; };
		6A7C5011793E404C1EE9C3F7 /* Pods-AssignmentPOCUITests.debug.xcconfig */ = {isa = PBXFileReference; includeInIndex = 1; lastKnownFileType = text.xcconfig; name = "Pods-AssignmentPOCUITests.debug.xcconfig"; path = "Target Support Files/Pods-AssignmentPOCUITests/Pods-AssignmentPOCUITests.debug.xcconfig"; sourceTree = "<group>"; };
		73171BB022CC8AA70084CE4A /* CatalogDetailViewController.swift */ = {isa = PBXFileReference; lastKnownFileType = sourcecode.swift; path = CatalogDetailViewController.swift; sourceTree = "<group>"; };
		7317DCE422CD145D00F7BF2B /* CatalogListViewController+TableView.swift */ = {isa = PBXFileReference; lastKnownFileType = sourcecode.swift; path = "CatalogListViewController+TableView.swift"; sourceTree = "<group>"; };
		734A8B1222CBAF8D00712EC4 /* AssignmentPOC.app */ = {isa = PBXFileReference; explicitFileType = wrapper.application; includeInIndex = 0; path = AssignmentPOC.app; sourceTree = BUILT_PRODUCTS_DIR; };
		734A8B1522CBAF8D00712EC4 /* AppDelegate.swift */ = {isa = PBXFileReference; lastKnownFileType = sourcecode.swift; path = AppDelegate.swift; sourceTree = "<group>"; };
		734A8B1C22CBAF8F00712EC4 /* Assets.xcassets */ = {isa = PBXFileReference; lastKnownFileType = folder.assetcatalog; path = Assets.xcassets; sourceTree = "<group>"; };
		734A8B1F22CBAF8F00712EC4 /* Base */ = {isa = PBXFileReference; lastKnownFileType = file.storyboard; name = Base; path = Base.lproj/LaunchScreen.storyboard; sourceTree = "<group>"; };
		734A8B2122CBAF8F00712EC4 /* Info.plist */ = {isa = PBXFileReference; lastKnownFileType = text.plist.xml; path = Info.plist; sourceTree = "<group>"; };
		734A8B2622CBAF8F00712EC4 /* AssignmentPOCTests.xctest */ = {isa = PBXFileReference; explicitFileType = wrapper.cfbundle; includeInIndex = 0; path = AssignmentPOCTests.xctest; sourceTree = BUILT_PRODUCTS_DIR; };
		734A8B2A22CBAF8F00712EC4 /* AssignmentPOCTests.swift */ = {isa = PBXFileReference; lastKnownFileType = sourcecode.swift; path = AssignmentPOCTests.swift; sourceTree = "<group>"; };
		734A8B2C22CBAF8F00712EC4 /* Info.plist */ = {isa = PBXFileReference; lastKnownFileType = text.plist.xml; path = Info.plist; sourceTree = "<group>"; };
		734A8B3122CBAF8F00712EC4 /* AssignmentPOCUITests.xctest */ = {isa = PBXFileReference; explicitFileType = wrapper.cfbundle; includeInIndex = 0; path = AssignmentPOCUITests.xctest; sourceTree = BUILT_PRODUCTS_DIR; };
		734A8B3522CBAF8F00712EC4 /* AssignmentPOCUITests.swift */ = {isa = PBXFileReference; lastKnownFileType = sourcecode.swift; path = AssignmentPOCUITests.swift; sourceTree = "<group>"; };
		734A8B3722CBAF8F00712EC4 /* Info.plist */ = {isa = PBXFileReference; lastKnownFileType = text.plist.xml; path = Info.plist; sourceTree = "<group>"; };
		73705BE622CBBF81009745EB /* CatalogListViewController.swift */ = {isa = PBXFileReference; lastKnownFileType = sourcecode.swift; path = CatalogListViewController.swift; sourceTree = "<group>"; };
		73705BE922CBC0C9009745EB /* RequestAdapter.swift */ = {isa = PBXFileReference; lastKnownFileType = sourcecode.swift; path = RequestAdapter.swift; sourceTree = "<group>"; };
		73705BED22CBC1C4009745EB /* Constants.swift */ = {isa = PBXFileReference; lastKnownFileType = sourcecode.swift; path = Constants.swift; sourceTree = "<group>"; };
		73705BF022CBC9D1009745EB /* Catalog.swift */ = {isa = PBXFileReference; lastKnownFileType = sourcecode.swift; path = Catalog.swift; sourceTree = "<group>"; };
		73705BF522CBCBFD009745EB /* CatalogListTableViewCell.swift */ = {isa = PBXFileReference; lastKnownFileType = sourcecode.swift; path = CatalogListTableViewCell.swift; sourceTree = "<group>"; };
		800E2FE3662A5ADA0B13ECF2 /* Pods-AssignmentPOCTests.debug.xcconfig */ = {isa = PBXFileReference; includeInIndex = 1; lastKnownFileType = text.xcconfig; name = "Pods-AssignmentPOCTests.debug.xcconfig"; path = "Target Support Files/Pods-AssignmentPOCTests/Pods-AssignmentPOCTests.debug.xcconfig"; sourceTree = "<group>"; };
		86797AE3A671334C6FC4DD1D /* Pods-AssignmentPOCTests.release.xcconfig */ = {isa = PBXFileReference; includeInIndex = 1; lastKnownFileType = text.xcconfig; name = "Pods-AssignmentPOCTests.release.xcconfig"; path = "Target Support Files/Pods-AssignmentPOCTests/Pods-AssignmentPOCTests.release.xcconfig"; sourceTree = "<group>"; };
		B7E9EC0597F8C98ECEA30251 /* Pods_AssignmentPOCUITests.framework */ = {isa = PBXFileReference; explicitFileType = wrapper.framework; includeInIndex = 0; path = Pods_AssignmentPOCUITests.framework; sourceTree = BUILT_PRODUCTS_DIR; };
		F60B8A0D2CF099238EE97E56 /* Pods_AssignmentPOC.framework */ = {isa = PBXFileReference; explicitFileType = wrapper.framework; includeInIndex = 0; path = Pods_AssignmentPOC.framework; sourceTree = BUILT_PRODUCTS_DIR; };
/* End PBXFileReference section */

/* Begin PBXFrameworksBuildPhase section */
		734A8B0F22CBAF8D00712EC4 /* Frameworks */ = {
			isa = PBXFrameworksBuildPhase;
			buildActionMask = 2147483647;
			files = (
				B40EC7755A18226FE640FD67 /* Pods_AssignmentPOC.framework in Frameworks */,
			);
			runOnlyForDeploymentPostprocessing = 0;
		};
		734A8B2322CBAF8F00712EC4 /* Frameworks */ = {
			isa = PBXFrameworksBuildPhase;
			buildActionMask = 2147483647;
			files = (
				D528CF734AE02F467535622D /* Pods_AssignmentPOCTests.framework in Frameworks */,
			);
			runOnlyForDeploymentPostprocessing = 0;
		};
		734A8B2E22CBAF8F00712EC4 /* Frameworks */ = {
			isa = PBXFrameworksBuildPhase;
			buildActionMask = 2147483647;
			files = (
				948283026014E61A3E36C65C /* Pods_AssignmentPOCUITests.framework in Frameworks */,
			);
			runOnlyForDeploymentPostprocessing = 0;
		};
/* End PBXFrameworksBuildPhase section */

/* Begin PBXGroup section */
		734A8B0922CBAF8D00712EC4 = {
			isa = PBXGroup;
			children = (
				734A8B1422CBAF8D00712EC4 /* AssignmentPOC */,
				734A8B2922CBAF8F00712EC4 /* AssignmentPOCTests */,
				734A8B3422CBAF8F00712EC4 /* AssignmentPOCUITests */,
				734A8B1322CBAF8D00712EC4 /* Products */,
				B95699DFECE9ABCFCDE47C3A /* Pods */,
				EDAE81C8457AFEF475B7C2D1 /* Frameworks */,
			);
			sourceTree = "<group>";
		};
		734A8B1322CBAF8D00712EC4 /* Products */ = {
			isa = PBXGroup;
			children = (
				734A8B1222CBAF8D00712EC4 /* AssignmentPOC.app */,
				734A8B2622CBAF8F00712EC4 /* AssignmentPOCTests.xctest */,
				734A8B3122CBAF8F00712EC4 /* AssignmentPOCUITests.xctest */,
			);
			name = Products;
			sourceTree = "<group>";
		};
		734A8B1422CBAF8D00712EC4 /* AssignmentPOC */ = {
			isa = PBXGroup;
			children = (
				73705BF222CBCBAB009745EB /* TableViewCell */,
				73705BEF22CBC9A9009745EB /* Model */,
				73705BE822CBC0A2009745EB /* RequestAdapter */,
				73705BE522CBBF3D009745EB /* ViewControllers */,
				734A8B1522CBAF8D00712EC4 /* AppDelegate.swift */,
				73705BED22CBC1C4009745EB /* Constants.swift */,
				734A8B1C22CBAF8F00712EC4 /* Assets.xcassets */,
				734A8B1E22CBAF8F00712EC4 /* LaunchScreen.storyboard */,
				734A8B2122CBAF8F00712EC4 /* Info.plist */,
			);
			path = AssignmentPOC;
			sourceTree = "<group>";
		};
		734A8B2922CBAF8F00712EC4 /* AssignmentPOCTests */ = {
			isa = PBXGroup;
			children = (
				734A8B2A22CBAF8F00712EC4 /* AssignmentPOCTests.swift */,
				734A8B2C22CBAF8F00712EC4 /* Info.plist */,
			);
			path = AssignmentPOCTests;
			sourceTree = "<group>";
		};
		734A8B3422CBAF8F00712EC4 /* AssignmentPOCUITests */ = {
			isa = PBXGroup;
			children = (
				734A8B3522CBAF8F00712EC4 /* AssignmentPOCUITests.swift */,
				734A8B3722CBAF8F00712EC4 /* Info.plist */,
			);
			path = AssignmentPOCUITests;
			sourceTree = "<group>";
		};
		73705BE522CBBF3D009745EB /* ViewControllers */ = {
			isa = PBXGroup;
			children = (
				73705BE622CBBF81009745EB /* CatalogListViewController.swift */,
				73171BB022CC8AA70084CE4A /* CatalogDetailViewController.swift */,
				7317DCE422CD145D00F7BF2B /* CatalogListViewController+TableView.swift */,
			);
			path = ViewControllers;
			sourceTree = "<group>";
		};
		73705BE822CBC0A2009745EB /* RequestAdapter */ = {
			isa = PBXGroup;
			children = (
				73705BE922CBC0C9009745EB /* RequestAdapter.swift */,
			);
			path = RequestAdapter;
			sourceTree = "<group>";
		};
		73705BEF22CBC9A9009745EB /* Model */ = {
			isa = PBXGroup;
			children = (
				73705BF022CBC9D1009745EB /* Catalog.swift */,
			);
			path = Model;
			sourceTree = "<group>";
		};
		73705BF222CBCBAB009745EB /* TableViewCell */ = {
			isa = PBXGroup;
			children = (
				73705BF522CBCBFD009745EB /* CatalogListTableViewCell.swift */,
			);
			path = TableViewCell;
			sourceTree = "<group>";
		};
		B95699DFECE9ABCFCDE47C3A /* Pods */ = {
			isa = PBXGroup;
			children = (
				2748F5450EB83CE24A9FBC10 /* Pods-AssignmentPOC.debug.xcconfig */,
				224A432237AD11C036610996 /* Pods-AssignmentPOC.release.xcconfig */,
				800E2FE3662A5ADA0B13ECF2 /* Pods-AssignmentPOCTests.debug.xcconfig */,
				86797AE3A671334C6FC4DD1D /* Pods-AssignmentPOCTests.release.xcconfig */,
				6A7C5011793E404C1EE9C3F7 /* Pods-AssignmentPOCUITests.debug.xcconfig */,
				113E00831B1C16D51C1591BD /* Pods-AssignmentPOCUITests.release.xcconfig */,
			);
			path = Pods;
			sourceTree = "<group>";
		};
		EDAE81C8457AFEF475B7C2D1 /* Frameworks */ = {
			isa = PBXGroup;
			children = (
				F60B8A0D2CF099238EE97E56 /* Pods_AssignmentPOC.framework */,
				412CFF7B4D738DAB02FEA72C /* Pods_AssignmentPOCTests.framework */,
				B7E9EC0597F8C98ECEA30251 /* Pods_AssignmentPOCUITests.framework */,
			);
			name = Frameworks;
			sourceTree = "<group>";
		};
/* End PBXGroup section */

/* Begin PBXNativeTarget section */
		734A8B1122CBAF8D00712EC4 /* AssignmentPOC */ = {
			isa = PBXNativeTarget;
			buildConfigurationList = 734A8B3A22CBAF8F00712EC4 /* Build configuration list for PBXNativeTarget "AssignmentPOC" */;
			buildPhases = (
				94B322CBA32507BA6F8413FC /* [CP] Check Pods Manifest.lock */,
				734A8B0E22CBAF8D00712EC4 /* Sources */,
				734A8B0F22CBAF8D00712EC4 /* Frameworks */,
				734A8B1022CBAF8D00712EC4 /* Resources */,
				F4EDD3F0CD7F5619CC6FD135 /* [CP] Embed Pods Frameworks */,
			);
			buildRules = (
			);
			dependencies = (
			);
			name = AssignmentPOC;
			productName = AssignmentPOC;
			productReference = 734A8B1222CBAF8D00712EC4 /* AssignmentPOC.app */;
			productType = "com.apple.product-type.application";
		};
		734A8B2522CBAF8F00712EC4 /* AssignmentPOCTests */ = {
			isa = PBXNativeTarget;
			buildConfigurationList = 734A8B3D22CBAF8F00712EC4 /* Build configuration list for PBXNativeTarget "AssignmentPOCTests" */;
			buildPhases = (
				29D59081C71FDCFB99480496 /* [CP] Check Pods Manifest.lock */,
				734A8B2222CBAF8F00712EC4 /* Sources */,
				734A8B2322CBAF8F00712EC4 /* Frameworks */,
				734A8B2422CBAF8F00712EC4 /* Resources */,
			);
			buildRules = (
			);
			dependencies = (
				734A8B2822CBAF8F00712EC4 /* PBXTargetDependency */,
			);
			name = AssignmentPOCTests;
			productName = AssignmentPOCTests;
			productReference = 734A8B2622CBAF8F00712EC4 /* AssignmentPOCTests.xctest */;
			productType = "com.apple.product-type.bundle.unit-test";
		};
		734A8B3022CBAF8F00712EC4 /* AssignmentPOCUITests */ = {
			isa = PBXNativeTarget;
			buildConfigurationList = 734A8B4022CBAF8F00712EC4 /* Build configuration list for PBXNativeTarget "AssignmentPOCUITests" */;
			buildPhases = (
				B63A8D917AE5E7EF85E5A2DA /* [CP] Check Pods Manifest.lock */,
				734A8B2D22CBAF8F00712EC4 /* Sources */,
				734A8B2E22CBAF8F00712EC4 /* Frameworks */,
				734A8B2F22CBAF8F00712EC4 /* Resources */,
			);
			buildRules = (
			);
			dependencies = (
				734A8B3322CBAF8F00712EC4 /* PBXTargetDependency */,
			);
			name = AssignmentPOCUITests;
			productName = AssignmentPOCUITests;
			productReference = 734A8B3122CBAF8F00712EC4 /* AssignmentPOCUITests.xctest */;
			productType = "com.apple.product-type.bundle.ui-testing";
		};
/* End PBXNativeTarget section */

/* Begin PBXProject section */
		734A8B0A22CBAF8D00712EC4 /* Project object */ = {
			isa = PBXProject;
			attributes = {
				LastSwiftUpdateCheck = 1010;
				LastUpgradeCheck = 1010;
				ORGANIZATIONNAME = Nishchita;
				TargetAttributes = {
					734A8B1122CBAF8D00712EC4 = {
						CreatedOnToolsVersion = 10.1;
					};
					734A8B2522CBAF8F00712EC4 = {
						CreatedOnToolsVersion = 10.1;
						TestTargetID = 734A8B1122CBAF8D00712EC4;
					};
					734A8B3022CBAF8F00712EC4 = {
						CreatedOnToolsVersion = 10.1;
						TestTargetID = 734A8B1122CBAF8D00712EC4;
					};
				};
			};
			buildConfigurationList = 734A8B0D22CBAF8D00712EC4 /* Build configuration list for PBXProject "AssignmentPOC" */;
			compatibilityVersion = "Xcode 9.3";
			developmentRegion = en;
			hasScannedForEncodings = 0;
			knownRegions = (
				en,
				Base,
			);
			mainGroup = 734A8B0922CBAF8D00712EC4;
			productRefGroup = 734A8B1322CBAF8D00712EC4 /* Products */;
			projectDirPath = "";
			projectRoot = "";
			targets = (
				734A8B1122CBAF8D00712EC4 /* AssignmentPOC */,
				734A8B2522CBAF8F00712EC4 /* AssignmentPOCTests */,
				734A8B3022CBAF8F00712EC4 /* AssignmentPOCUITests */,
			);
		};
/* End PBXProject section */

/* Begin PBXResourcesBuildPhase section */
		734A8B1022CBAF8D00712EC4 /* Resources */ = {
			isa = PBXResourcesBuildPhase;
			buildActionMask = 2147483647;
			files = (
				734A8B2022CBAF8F00712EC4 /* LaunchScreen.storyboard in Resources */,
				734A8B1D22CBAF8F00712EC4 /* Assets.xcassets in Resources */,
			);
			runOnlyForDeploymentPostprocessing = 0;
		};
		734A8B2422CBAF8F00712EC4 /* Resources */ = {
			isa = PBXResourcesBuildPhase;
			buildActionMask = 2147483647;
			files = (
			);
			runOnlyForDeploymentPostprocessing = 0;
		};
		734A8B2F22CBAF8F00712EC4 /* Resources */ = {
			isa = PBXResourcesBuildPhase;
			buildActionMask = 2147483647;
			files = (
			);
			runOnlyForDeploymentPostprocessing = 0;
		};
/* End PBXResourcesBuildPhase section */

/* Begin PBXShellScriptBuildPhase section */
		29D59081C71FDCFB99480496 /* [CP] Check Pods Manifest.lock */ = {
			isa = PBXShellScriptBuildPhase;
			buildActionMask = 2147483647;
			files = (
			);
			inputFileListPaths = (
			);
			inputPaths = (
				"${PODS_PODFILE_DIR_PATH}/Podfile.lock",
				"${PODS_ROOT}/Manifest.lock",
			);
			name = "[CP] Check Pods Manifest.lock";
			outputFileListPaths = (
			);
			outputPaths = (
				"$(DERIVED_FILE_DIR)/Pods-AssignmentPOCTests-checkManifestLockResult.txt",
			);
			runOnlyForDeploymentPostprocessing = 0;
			shellPath = /bin/sh;
			shellScript = "diff \"${PODS_PODFILE_DIR_PATH}/Podfile.lock\" \"${PODS_ROOT}/Manifest.lock\" > /dev/null\nif [ $? != 0 ] ; then\n    # print error to STDERR\n    echo \"error: The sandbox is not in sync with the Podfile.lock. Run 'pod install' or update your CocoaPods installation.\" >&2\n    exit 1\nfi\n# This output is used by Xcode 'outputs' to avoid re-running this script phase.\necho \"SUCCESS\" > \"${SCRIPT_OUTPUT_FILE_0}\"\n";
			showEnvVarsInLog = 0;
		};
		94B322CBA32507BA6F8413FC /* [CP] Check Pods Manifest.lock */ = {
			isa = PBXShellScriptBuildPhase;
			buildActionMask = 2147483647;
			files = (
			);
			inputFileListPaths = (
			);
			inputPaths = (
				"${PODS_PODFILE_DIR_PATH}/Podfile.lock",
				"${PODS_ROOT}/Manifest.lock",
			);
			name = "[CP] Check Pods Manifest.lock";
			outputFileListPaths = (
			);
			outputPaths = (
				"$(DERIVED_FILE_DIR)/Pods-AssignmentPOC-checkManifestLockResult.txt",
			);
			runOnlyForDeploymentPostprocessing = 0;
			shellPath = /bin/sh;
			shellScript = "diff \"${PODS_PODFILE_DIR_PATH}/Podfile.lock\" \"${PODS_ROOT}/Manifest.lock\" > /dev/null\nif [ $? != 0 ] ; then\n    # print error to STDERR\n    echo \"error: The sandbox is not in sync with the Podfile.lock. Run 'pod install' or update your CocoaPods installation.\" >&2\n    exit 1\nfi\n# This output is used by Xcode 'outputs' to avoid re-running this script phase.\necho \"SUCCESS\" > \"${SCRIPT_OUTPUT_FILE_0}\"\n";
			showEnvVarsInLog = 0;
		};
		B63A8D917AE5E7EF85E5A2DA /* [CP] Check Pods Manifest.lock */ = {
			isa = PBXShellScriptBuildPhase;
			buildActionMask = 2147483647;
			files = (
			);
			inputFileListPaths = (
			);
			inputPaths = (
				"${PODS_PODFILE_DIR_PATH}/Podfile.lock",
				"${PODS_ROOT}/Manifest.lock",
			);
			name = "[CP] Check Pods Manifest.lock";
			outputFileListPaths = (
			);
			outputPaths = (
				"$(DERIVED_FILE_DIR)/Pods-AssignmentPOCUITests-checkManifestLockResult.txt",
			);
			runOnlyForDeploymentPostprocessing = 0;
			shellPath = /bin/sh;
			shellScript = "diff \"${PODS_PODFILE_DIR_PATH}/Podfile.lock\" \"${PODS_ROOT}/Manifest.lock\" > /dev/null\nif [ $? != 0 ] ; then\n    # print error to STDERR\n    echo \"error: The sandbox is not in sync with the Podfile.lock. Run 'pod install' or update your CocoaPods installation.\" >&2\n    exit 1\nfi\n# This output is used by Xcode 'outputs' to avoid re-running this script phase.\necho \"SUCCESS\" > \"${SCRIPT_OUTPUT_FILE_0}\"\n";
			showEnvVarsInLog = 0;
		};
		F4EDD3F0CD7F5619CC6FD135 /* [CP] Embed Pods Frameworks */ = {
			isa = PBXShellScriptBuildPhase;
			buildActionMask = 2147483647;
			files = (
			);
			inputFileListPaths = (
			);
			inputPaths = (
				"${PODS_ROOT}/Target Support Files/Pods-AssignmentPOC/Pods-AssignmentPOC-frameworks.sh",
				"${BUILT_PRODUCTS_DIR}/Alamofire/Alamofire.framework",
				"${BUILT_PRODUCTS_DIR}/MBProgressHUD/MBProgressHUD.framework",
				"${BUILT_PRODUCTS_DIR}/SDWebImage/SDWebImage.framework",
			);
			name = "[CP] Embed Pods Frameworks";
			outputFileListPaths = (
			);
			outputPaths = (
				"${TARGET_BUILD_DIR}/${FRAMEWORKS_FOLDER_PATH}/Alamofire.framework",
				"${TARGET_BUILD_DIR}/${FRAMEWORKS_FOLDER_PATH}/MBProgressHUD.framework",
				"${TARGET_BUILD_DIR}/${FRAMEWORKS_FOLDER_PATH}/SDWebImage.framework",
			);
			runOnlyForDeploymentPostprocessing = 0;
			shellPath = /bin/sh;
			shellScript = "\"${PODS_ROOT}/Target Support Files/Pods-AssignmentPOC/Pods-AssignmentPOC-frameworks.sh\"\n";
			showEnvVarsInLog = 0;
		};
/* End PBXShellScriptBuildPhase section */

/* Begin PBXSourcesBuildPhase section */
		734A8B0E22CBAF8D00712EC4 /* Sources */ = {
			isa = PBXSourcesBuildPhase;
			buildActionMask = 2147483647;
			files = (
				73705BF122CBC9D1009745EB /* Catalog.swift in Sources */,
				73705BEA22CBC0C9009745EB /* RequestAdapter.swift in Sources */,
				7317DCE522CD145D00F7BF2B /* CatalogListViewController+TableView.swift in Sources */,
				73705BE722CBBF81009745EB /* CatalogListViewController.swift in Sources */,
				73171BB122CC8AA70084CE4A /* CatalogDetailViewController.swift in Sources */,
				73705BF622CBCBFD009745EB /* CatalogListTableViewCell.swift in Sources */,
				734A8B1622CBAF8D00712EC4 /* AppDelegate.swift in Sources */,
				73705BEE22CBC1C4009745EB /* Constants.swift in Sources */,
			);
			runOnlyForDeploymentPostprocessing = 0;
		};
		734A8B2222CBAF8F00712EC4 /* Sources */ = {
			isa = PBXSourcesBuildPhase;
			buildActionMask = 2147483647;
			files = (
				734A8B2B22CBAF8F00712EC4 /* AssignmentPOCTests.swift in Sources */,
			);
			runOnlyForDeploymentPostprocessing = 0;
		};
		734A8B2D22CBAF8F00712EC4 /* Sources */ = {
			isa = PBXSourcesBuildPhase;
			buildActionMask = 2147483647;
			files = (
				734A8B3622CBAF8F00712EC4 /* AssignmentPOCUITests.swift in Sources */,
			);
			runOnlyForDeploymentPostprocessing = 0;
		};
/* End PBXSourcesBuildPhase section */

/* Begin PBXTargetDependency section */
		734A8B2822CBAF8F00712EC4 /* PBXTargetDependency */ = {
			isa = PBXTargetDependency;
			target = 734A8B1122CBAF8D00712EC4 /* AssignmentPOC */;
			targetProxy = 734A8B2722CBAF8F00712EC4 /* PBXContainerItemProxy */;
		};
		734A8B3322CBAF8F00712EC4 /* PBXTargetDependency */ = {
			isa = PBXTargetDependency;
			target = 734A8B1122CBAF8D00712EC4 /* AssignmentPOC */;
			targetProxy = 734A8B3222CBAF8F00712EC4 /* PBXContainerItemProxy */;
		};
/* End PBXTargetDependency section */

/* Begin PBXVariantGroup section */
		734A8B1E22CBAF8F00712EC4 /* LaunchScreen.storyboard */ = {
			isa = PBXVariantGroup;
			children = (
				734A8B1F22CBAF8F00712EC4 /* Base */,
			);
			name = LaunchScreen.storyboard;
			sourceTree = "<group>";
		};
/* End PBXVariantGroup section */

/* Begin XCBuildConfiguration section */
		734A8B3822CBAF8F00712EC4 /* Debug */ = {
			isa = XCBuildConfiguration;
			buildSettings = {
				ALWAYS_SEARCH_USER_PATHS = NO;
				CLANG_ANALYZER_NONNULL = YES;
				CLANG_ANALYZER_NUMBER_OBJECT_CONVERSION = YES_AGGRESSIVE;
				CLANG_CXX_LANGUAGE_STANDARD = "gnu++14";
				CLANG_CXX_LIBRARY = "libc++";
				CLANG_ENABLE_MODULES = YES;
				CLANG_ENABLE_OBJC_ARC = YES;
				CLANG_ENABLE_OBJC_WEAK = YES;
				CLANG_WARN_BLOCK_CAPTURE_AUTORELEASING = YES;
				CLANG_WARN_BOOL_CONVERSION = YES;
				CLANG_WARN_COMMA = YES;
				CLANG_WARN_CONSTANT_CONVERSION = YES;
				CLANG_WARN_DEPRECATED_OBJC_IMPLEMENTATIONS = YES;
				CLANG_WARN_DIRECT_OBJC_ISA_USAGE = YES_ERROR;
				CLANG_WARN_DOCUMENTATION_COMMENTS = YES;
				CLANG_WARN_EMPTY_BODY = YES;
				CLANG_WARN_ENUM_CONVERSION = YES;
				CLANG_WARN_INFINITE_RECURSION = YES;
				CLANG_WARN_INT_CONVERSION = YES;
				CLANG_WARN_NON_LITERAL_NULL_CONVERSION = YES;
				CLANG_WARN_OBJC_IMPLICIT_RETAIN_SELF = YES;
				CLANG_WARN_OBJC_LITERAL_CONVERSION = YES;
				CLANG_WARN_OBJC_ROOT_CLASS = YES_ERROR;
				CLANG_WARN_RANGE_LOOP_ANALYSIS = YES;
				CLANG_WARN_STRICT_PROTOTYPES = YES;
				CLANG_WARN_SUSPICIOUS_MOVE = YES;
				CLANG_WARN_UNGUARDED_AVAILABILITY = YES_AGGRESSIVE;
				CLANG_WARN_UNREACHABLE_CODE = YES;
				CLANG_WARN__DUPLICATE_METHOD_MATCH = YES;
				CODE_SIGN_IDENTITY = "iPhone Developer";
				COPY_PHASE_STRIP = NO;
				DEBUG_INFORMATION_FORMAT = dwarf;
				ENABLE_STRICT_OBJC_MSGSEND = YES;
				ENABLE_TESTABILITY = YES;
				GCC_C_LANGUAGE_STANDARD = gnu11;
				GCC_DYNAMIC_NO_PIC = NO;
				GCC_NO_COMMON_BLOCKS = YES;
				GCC_OPTIMIZATION_LEVEL = 0;
				GCC_PREPROCESSOR_DEFINITIONS = (
					"DEBUG=1",
					"$(inherited)",
				);
				GCC_WARN_64_TO_32_BIT_CONVERSION = YES;
				GCC_WARN_ABOUT_RETURN_TYPE = YES_ERROR;
				GCC_WARN_UNDECLARED_SELECTOR = YES;
				GCC_WARN_UNINITIALIZED_AUTOS = YES_AGGRESSIVE;
				GCC_WARN_UNUSED_FUNCTION = YES;
				GCC_WARN_UNUSED_VARIABLE = YES;
				IPHONEOS_DEPLOYMENT_TARGET = 12.1;
				MTL_ENABLE_DEBUG_INFO = INCLUDE_SOURCE;
				MTL_FAST_MATH = YES;
				ONLY_ACTIVE_ARCH = YES;
				SDKROOT = iphoneos;
				SWIFT_ACTIVE_COMPILATION_CONDITIONS = DEBUG;
				SWIFT_OPTIMIZATION_LEVEL = "-Onone";
			};
			name = Debug;
		};
		734A8B3922CBAF8F00712EC4 /* Release */ = {
			isa = XCBuildConfiguration;
			buildSettings = {
				ALWAYS_SEARCH_USER_PATHS = NO;
				CLANG_ANALYZER_NONNULL = YES;
				CLANG_ANALYZER_NUMBER_OBJECT_CONVERSION = YES_AGGRESSIVE;
				CLANG_CXX_LANGUAGE_STANDARD = "gnu++14";
				CLANG_CXX_LIBRARY = "libc++";
				CLANG_ENABLE_MODULES = YES;
				CLANG_ENABLE_OBJC_ARC = YES;
				CLANG_ENABLE_OBJC_WEAK = YES;
				CLANG_WARN_BLOCK_CAPTURE_AUTORELEASING = YES;
				CLANG_WARN_BOOL_CONVERSION = YES;
				CLANG_WARN_COMMA = YES;
				CLANG_WARN_CONSTANT_CONVERSION = YES;
				CLANG_WARN_DEPRECATED_OBJC_IMPLEMENTATIONS = YES;
				CLANG_WARN_DIRECT_OBJC_ISA_USAGE = YES_ERROR;
				CLANG_WARN_DOCUMENTATION_COMMENTS = YES;
				CLANG_WARN_EMPTY_BODY = YES;
				CLANG_WARN_ENUM_CONVERSION = YES;
				CLANG_WARN_INFINITE_RECURSION = YES;
				CLANG_WARN_INT_CONVERSION = YES;
				CLANG_WARN_NON_LITERAL_NULL_CONVERSION = YES;
				CLANG_WARN_OBJC_IMPLICIT_RETAIN_SELF = YES;
				CLANG_WARN_OBJC_LITERAL_CONVERSION = YES;
				CLANG_WARN_OBJC_ROOT_CLASS = YES_ERROR;
				CLANG_WARN_RANGE_LOOP_ANALYSIS = YES;
				CLANG_WARN_STRICT_PROTOTYPES = YES;
				CLANG_WARN_SUSPICIOUS_MOVE = YES;
				CLANG_WARN_UNGUARDED_AVAILABILITY = YES_AGGRESSIVE;
				CLANG_WARN_UNREACHABLE_CODE = YES;
				CLANG_WARN__DUPLICATE_METHOD_MATCH = YES;
				CODE_SIGN_IDENTITY = "iPhone Developer";
				COPY_PHASE_STRIP = NO;
				DEBUG_INFORMATION_FORMAT = "dwarf-with-dsym";
				ENABLE_NS_ASSERTIONS = NO;
				ENABLE_STRICT_OBJC_MSGSEND = YES;
				GCC_C_LANGUAGE_STANDARD = gnu11;
				GCC_NO_COMMON_BLOCKS = YES;
				GCC_WARN_64_TO_32_BIT_CONVERSION = YES;
				GCC_WARN_ABOUT_RETURN_TYPE = YES_ERROR;
				GCC_WARN_UNDECLARED_SELECTOR = YES;
				GCC_WARN_UNINITIALIZED_AUTOS = YES_AGGRESSIVE;
				GCC_WARN_UNUSED_FUNCTION = YES;
				GCC_WARN_UNUSED_VARIABLE = YES;
				IPHONEOS_DEPLOYMENT_TARGET = 12.1;
				MTL_ENABLE_DEBUG_INFO = NO;
				MTL_FAST_MATH = YES;
				SDKROOT = iphoneos;
				SWIFT_COMPILATION_MODE = wholemodule;
				SWIFT_OPTIMIZATION_LEVEL = "-O";
				VALIDATE_PRODUCT = YES;
			};
			name = Release;
		};
		734A8B3B22CBAF8F00712EC4 /* Debug */ = {
			isa = XCBuildConfiguration;
			baseConfigurationReference = 2748F5450EB83CE24A9FBC10 /* Pods-AssignmentPOC.debug.xcconfig */;
			buildSettings = {
				ASSETCATALOG_COMPILER_APPICON_NAME = AppIcon;
				CODE_SIGN_STYLE = Automatic;
				INFOPLIST_FILE = AssignmentPOC/Info.plist;
				LD_RUNPATH_SEARCH_PATHS = (
					"$(inherited)",
					"@executable_path/Frameworks",
				);
				PRODUCT_BUNDLE_IDENTIFIER = mfs.AssignmentPOC;
				PRODUCT_NAME = "$(TARGET_NAME)";
				SWIFT_VERSION = 4.2;
				TARGETED_DEVICE_FAMILY = "1,2";
			};
			name = Debug;
		};
		734A8B3C22CBAF8F00712EC4 /* Release */ = {
			isa = XCBuildConfiguration;
			baseConfigurationReference = 224A432237AD11C036610996 /* Pods-AssignmentPOC.release.xcconfig */;
			buildSettings = {
				ASSETCATALOG_COMPILER_APPICON_NAME = AppIcon;
				CODE_SIGN_STYLE = Automatic;
				INFOPLIST_FILE = AssignmentPOC/Info.plist;
				LD_RUNPATH_SEARCH_PATHS = (
					"$(inherited)",
					"@executable_path/Frameworks",
				);
				PRODUCT_BUNDLE_IDENTIFIER = mfs.AssignmentPOC;
				PRODUCT_NAME = "$(TARGET_NAME)";
				SWIFT_VERSION = 4.2;
				TARGETED_DEVICE_FAMILY = "1,2";
			};
			name = Release;
		};
		734A8B3E22CBAF8F00712EC4 /* Debug */ = {
			isa = XCBuildConfiguration;
			baseConfigurationReference = 800E2FE3662A5ADA0B13ECF2 /* Pods-AssignmentPOCTests.debug.xcconfig */;
			buildSettings = {
				ALWAYS_EMBED_SWIFT_STANDARD_LIBRARIES = YES;
				BUNDLE_LOADER = "$(TEST_HOST)";
				CODE_SIGN_STYLE = Automatic;
				INFOPLIST_FILE = AssignmentPOCTests/Info.plist;
				LD_RUNPATH_SEARCH_PATHS = (
					"$(inherited)",
					"@executable_path/Frameworks",
					"@loader_path/Frameworks",
				);
				PRODUCT_BUNDLE_IDENTIFIER = mfs.AssignmentPOCTests;
				PRODUCT_NAME = "$(TARGET_NAME)";
				SWIFT_VERSION = 4.2;
				TARGETED_DEVICE_FAMILY = "1,2";
				TEST_HOST = "$(BUILT_PRODUCTS_DIR)/AssignmentPOC.app/AssignmentPOC";
			};
			name = Debug;
		};
		734A8B3F22CBAF8F00712EC4 /* Release */ = {
			isa = XCBuildConfiguration;
			baseConfigurationReference = 86797AE3A671334C6FC4DD1D /* Pods-AssignmentPOCTests.release.xcconfig */;
			buildSettings = {
				ALWAYS_EMBED_SWIFT_STANDARD_LIBRARIES = YES;
				BUNDLE_LOADER = "$(TEST_HOST)";
				CODE_SIGN_STYLE = Automatic;
				INFOPLIST_FILE = AssignmentPOCTests/Info.plist;
				LD_RUNPATH_SEARCH_PATHS = (
					"$(inherited)",
					"@executable_path/Frameworks",
					"@loader_path/Frameworks",
				);
				PRODUCT_BUNDLE_IDENTIFIER = mfs.AssignmentPOCTests;
				PRODUCT_NAME = "$(TARGET_NAME)";
				SWIFT_VERSION = 4.2;
				TARGETED_DEVICE_FAMILY = "1,2";
				TEST_HOST = "$(BUILT_PRODUCTS_DIR)/AssignmentPOC.app/AssignmentPOC";
			};
			name = Release;
		};
		734A8B4122CBAF8F00712EC4 /* Debug */ = {
			isa = XCBuildConfiguration;
			baseConfigurationReference = 6A7C5011793E404C1EE9C3F7 /* Pods-AssignmentPOCUITests.debug.xcconfig */;
			buildSettings = {
				ALWAYS_EMBED_SWIFT_STANDARD_LIBRARIES = YES;
				CODE_SIGN_STYLE = Automatic;
				INFOPLIST_FILE = AssignmentPOCUITests/Info.plist;
				LD_RUNPATH_SEARCH_PATHS = (
					"$(inherited)",
					"@executable_path/Frameworks",
					"@loader_path/Frameworks",
				);
				PRODUCT_BUNDLE_IDENTIFIER = mfs.AssignmentPOCUITests;
				PRODUCT_NAME = "$(TARGET_NAME)";
				SWIFT_VERSION = 4.2;
				TARGETED_DEVICE_FAMILY = "1,2";
				TEST_TARGET_NAME = AssignmentPOC;
			};
			name = Debug;
		};
		734A8B4222CBAF8F00712EC4 /* Release */ = {
			isa = XCBuildConfiguration;
			baseConfigurationReference = 113E00831B1C16D51C1591BD /* Pods-AssignmentPOCUITests.release.xcconfig */;
			buildSettings = {
				ALWAYS_EMBED_SWIFT_STANDARD_LIBRARIES = YES;
				CODE_SIGN_STYLE = Automatic;
				INFOPLIST_FILE = AssignmentPOCUITests/Info.plist;
				LD_RUNPATH_SEARCH_PATHS = (
					"$(inherited)",
					"@executable_path/Frameworks",
					"@loader_path/Frameworks",
				);
				PRODUCT_BUNDLE_IDENTIFIER = mfs.AssignmentPOCUITests;
				PRODUCT_NAME = "$(TARGET_NAME)";
				SWIFT_VERSION = 4.2;
				TARGETED_DEVICE_FAMILY = "1,2";
				TEST_TARGET_NAME = AssignmentPOC;
			};
			name = Release;
		};
/* End XCBuildConfiguration section */

/* Begin XCConfigurationList section */
		734A8B0D22CBAF8D00712EC4 /* Build configuration list for PBXProject "AssignmentPOC" */ = {
			isa = XCConfigurationList;
			buildConfigurations = (
				734A8B3822CBAF8F00712EC4 /* Debug */,
				734A8B3922CBAF8F00712EC4 /* Release */,
			);
			defaultConfigurationIsVisible = 0;
			defaultConfigurationName = Release;
		};
		734A8B3A22CBAF8F00712EC4 /* Build configuration list for PBXNativeTarget "AssignmentPOC" */ = {
			isa = XCConfigurationList;
			buildConfigurations = (
				734A8B3B22CBAF8F00712EC4 /* Debug */,
				734A8B3C22CBAF8F00712EC4 /* Release */,
			);
			defaultConfigurationIsVisible = 0;
			defaultConfigurationName = Release;
		};
		734A8B3D22CBAF8F00712EC4 /* Build configuration list for PBXNativeTarget "AssignmentPOCTests" */ = {
			isa = XCConfigurationList;
			buildConfigurations = (
				734A8B3E22CBAF8F00712EC4 /* Debug */,
				734A8B3F22CBAF8F00712EC4 /* Release */,
			);
			defaultConfigurationIsVisible = 0;
			defaultConfigurationName = Release;
		};
		734A8B4022CBAF8F00712EC4 /* Build configuration list for PBXNativeTarget "AssignmentPOCUITests" */ = {
			isa = XCConfigurationList;
			buildConfigurations = (
				734A8B4122CBAF8F00712EC4 /* Debug */,
				734A8B4222CBAF8F00712EC4 /* Release */,
			);
			defaultConfigurationIsVisible = 0;
			defaultConfigurationName = Release;
		};
/* End XCConfigurationList section */
	};
	rootObject = 734A8B0A22CBAF8D00712EC4 /* Project object */;
}
